
Microsoft Visual Studio Solution File, Format Version 12.00
# Visual Studio Version 17
VisualStudioVersion = 17.0.31903.59
MinimumVisualStudioVersion = 10.0.40219.1
Project("{2150E333-8FDC-42A3-9474-1A3956D46DE8}") = "src", "src", "{827E0CD3-B72D-47B6-A68D-7590B98EB39B}"
EndProject
Project("{2150E333-8FDC-42A3-9474-1A3956D46DE8}") = "shared", "shared", "{C8E42992-5E42-0C2B-DBFE-AA848D06431C}"
EndProject
Project("{FAE04EC0-301F-11D3-BF4B-00C04F79EFBC}") = "DTOs", "src\shared\DTOs\DTOs.csproj", "{9056469C-FDD2-4FC6-8C51-6523D374BD0B}"
EndProject
Project("{FAE04EC0-301F-11D3-BF4B-00C04F79EFBC}") = "Common", "src\shared\Common\Common.csproj", "{4DCB637E-FB8C-4AE4-BA33-6B04AED0DF01}"
EndProject
Project("{FAE04EC0-301F-11D3-BF4B-00C04F79EFBC}") = "Contracts", "src\shared\Contracts\Contracts.csproj", "{BAA79BD8-D7EE-43BA-B31B-20DF2BCFAE1B}"
EndProject
Project("{2150E333-8FDC-42A3-9474-1A3956D46DE8}") = "services", "services", "{984BB9B3-3FA3-BE33-9484-CAC21695A33C}"
EndProject
Project("{FAE04EC0-301F-11D3-BF4B-00C04F79EFBC}") = "AuthService", "src\services\AuthService\AuthService.csproj", "{ADC0D331-7E8A-4F6D-AD0D-6F109EA0872E}"
EndProject
Project("{FAE04EC0-301F-11D3-BF4B-00C04F79EFBC}") = "UserService", "src\services\UserService\UserService.csproj", "{A589C03C-ED37-40ED-A79F-FC331FE5A028}"
EndProject
Project("{2150E333-8FDC-42A3-9474-1A3956D46DE8}") = "tests", "tests", "{0AB3BF05-4346-4AA6-1389-037BE0695223}"
EndProject
Project("{2150E333-8FDC-42A3-9474-1A3956D46DE8}") = "unit", "unit", "{9D556B49-86D1-93A7-9596-FFAAB74EC556}"
EndProject
Project("{FAE04EC0-301F-11D3-BF4B-00C04F79EFBC}") = "AuthService.Tests", "tests\unit\AuthService.Tests\AuthService.Tests.csproj", "{0BA999BE-1082-48D5-81D2-967992D528F9}"
EndProject
Project("{FAE04EC0-301F-11D3-BF4B-00C04F79EFBC}") = "ApiGateway", "src\services\ApiGateway\ApiGateway.csproj", "{DC50E128-3C75-4D18-8A00-5864CED76D07}"
EndProject
Project("{FAE04EC0-301F-11D3-BF4B-00C04F79EFBC}") = "RoleService.Tests", "tests\unit\RoleService.Tests\RoleService.Tests.csproj", "{AC910919-7D49-40AD-A03D-602BAADC03F4}"
EndProject
Project("{FAE04EC0-301F-11D3-BF4B-00C04F79EFBC}") = "PermissionService.Tests", "tests\unit\PermissionService.Tests\PermissionService.Tests.csproj", "{9B32B833-5FA7-4BF7-9278-3BFA19C36D1E}"
EndProject
Project("{FAE04EC0-301F-11D3-BF4B-00C04F79EFBC}") = "ApiGateway.Tests", "tests\unit\ApiGateway.Tests\ApiGateway.Tests.csproj", "{197FD074-0760-4699-9D68-45125C2D90DB}"
EndProject
Global
	GlobalSection(SolutionConfigurationPlatforms) = preSolution
		Debug|Any CPU = Debug|Any CPU
		Debug|x64 = Debug|x64
		Debug|x86 = Debug|x86
		Release|Any CPU = Release|Any CPU
		Release|x64 = Release|x64
		Release|x86 = Release|x86
	EndGlobalSection
	GlobalSection(ProjectConfigurationPlatforms) = postSolution
		{9056469C-FDD2-4FC6-8C51-6523D374BD0B}.Debug|Any CPU.ActiveCfg = Debug|Any CPU
		{9056469C-FDD2-4FC6-8C51-6523D374BD0B}.Debug|Any CPU.Build.0 = Debug|Any CPU
		{9056469C-FDD2-4FC6-8C51-6523D374BD0B}.Debug|x64.ActiveCfg = Debug|Any CPU
		{9056469C-FDD2-4FC6-8C51-6523D374BD0B}.Debug|x64.Build.0 = Debug|Any CPU
		{9056469C-FDD2-4FC6-8C51-6523D374BD0B}.Debug|x86.ActiveCfg = Debug|Any CPU
		{9056469C-FDD2-4FC6-8C51-6523D374BD0B}.Debug|x86.Build.0 = Debug|Any CPU
		{9056469C-FDD2-4FC6-8C51-6523D374BD0B}.Release|Any CPU.ActiveCfg = Release|Any CPU
		{9056469C-FDD2-4FC6-8C51-6523D374BD0B}.Release|Any CPU.Build.0 = Release|Any CPU
		{9056469C-FDD2-4FC6-8C51-6523D374BD0B}.Release|x64.ActiveCfg = Release|Any CPU
		{9056469C-FDD2-4FC6-8C51-6523D374BD0B}.Release|x64.Build.0 = Release|Any CPU
		{9056469C-FDD2-4FC6-8C51-6523D374BD0B}.Release|x86.ActiveCfg = Release|Any CPU
		{9056469C-FDD2-4FC6-8C51-6523D374BD0B}.Release|x86.Build.0 = Release|Any CPU
		{4DCB637E-FB8C-4AE4-BA33-6B04AED0DF01}.Debug|Any CPU.ActiveCfg = Debug|Any CPU
		{4DCB637E-FB8C-4AE4-BA33-6B04AED0DF01}.Debug|Any CPU.Build.0 = Debug|Any CPU
		{4DCB637E-FB8C-4AE4-BA33-6B04AED0DF01}.Debug|x64.ActiveCfg = Debug|Any CPU
		{4DCB637E-FB8C-4AE4-BA33-6B04AED0DF01}.Debug|x64.Build.0 = Debug|Any CPU
		{4DCB637E-FB8C-4AE4-BA33-6B04AED0DF01}.Debug|x86.ActiveCfg = Debug|Any CPU
		{4DCB637E-FB8C-4AE4-BA33-6B04AED0DF01}.Debug|x86.Build.0 = Debug|Any CPU
		{4DCB637E-FB8C-4AE4-BA33-6B04AED0DF01}.Release|Any CPU.ActiveCfg = Release|Any CPU
		{4DCB637E-FB8C-4AE4-BA33-6B04AED0DF01}.Release|Any CPU.Build.0 = Release|Any CPU
		{4DCB637E-FB8C-4AE4-BA33-6B04AED0DF01}.Release|x64.ActiveCfg = Release|Any CPU
		{4DCB637E-FB8C-4AE4-BA33-6B04AED0DF01}.Release|x64.Build.0 = Release|Any CPU
		{4DCB637E-FB8C-4AE4-BA33-6B04AED0DF01}.Release|x86.ActiveCfg = Release|Any CPU
		{4DCB637E-FB8C-4AE4-BA33-6B04AED0DF01}.Release|x86.Build.0 = Release|Any CPU
		{BAA79BD8-D7EE-43BA-B31B-20DF2BCFAE1B}.Debug|Any CPU.ActiveCfg = Debug|Any CPU
		{BAA79BD8-D7EE-43BA-B31B-20DF2BCFAE1B}.Debug|Any CPU.Build.0 = Debug|Any CPU
		{BAA79BD8-D7EE-43BA-B31B-20DF2BCFAE1B}.Debug|x64.ActiveCfg = Debug|Any CPU
		{BAA79BD8-D7EE-43BA-B31B-20DF2BCFAE1B}.Debug|x64.Build.0 = Debug|Any CPU
		{BAA79BD8-D7EE-43BA-B31B-20DF2BCFAE1B}.Debug|x86.ActiveCfg = Debug|Any CPU
		{BAA79BD8-D7EE-43BA-B31B-20DF2BCFAE1B}.Debug|x86.Build.0 = Debug|Any CPU
		{BAA79BD8-D7EE-43BA-B31B-20DF2BCFAE1B}.Release|Any CPU.ActiveCfg = Release|Any CPU
		{BAA79BD8-D7EE-43BA-B31B-20DF2BCFAE1B}.Release|Any CPU.Build.0 = Release|Any CPU
		{BAA79BD8-D7EE-43BA-B31B-20DF2BCFAE1B}.Release|x64.ActiveCfg = Release|Any CPU
		{BAA79BD8-D7EE-43BA-B31B-20DF2BCFAE1B}.Release|x64.Build.0 = Release|Any CPU
		{BAA79BD8-D7EE-43BA-B31B-20DF2BCFAE1B}.Release|x86.ActiveCfg = Release|Any CPU
		{BAA79BD8-D7EE-43BA-B31B-20DF2BCFAE1B}.Release|x86.Build.0 = Release|Any CPU
		{ADC0D331-7E8A-4F6D-AD0D-6F109EA0872E}.Debug|Any CPU.ActiveCfg = Debug|Any CPU
		{ADC0D331-7E8A-4F6D-AD0D-6F109EA0872E}.Debug|Any CPU.Build.0 = Debug|Any CPU
		{ADC0D331-7E8A-4F6D-AD0D-6F109EA0872E}.Debug|x64.ActiveCfg = Debug|Any CPU
		{ADC0D331-7E8A-4F6D-AD0D-6F109EA0872E}.Debug|x64.Build.0 = Debug|Any CPU
		{ADC0D331-7E8A-4F6D-AD0D-6F109EA0872E}.Debug|x86.ActiveCfg = Debug|Any CPU
		{ADC0D331-7E8A-4F6D-AD0D-6F109EA0872E}.Debug|x86.Build.0 = Debug|Any CPU
		{ADC0D331-7E8A-4F6D-AD0D-6F109EA0872E}.Release|Any CPU.ActiveCfg = Release|Any CPU
		{ADC0D331-7E8A-4F6D-AD0D-6F109EA0872E}.Release|Any CPU.Build.0 = Release|Any CPU
		{ADC0D331-7E8A-4F6D-AD0D-6F109EA0872E}.Release|x64.ActiveCfg = Release|Any CPU
		{ADC0D331-7E8A-4F6D-AD0D-6F109EA0872E}.Release|x64.Build.0 = Release|Any CPU
		{ADC0D331-7E8A-4F6D-AD0D-6F109EA0872E}.Release|x86.ActiveCfg = Release|Any CPU
		{ADC0D331-7E8A-4F6D-AD0D-6F109EA0872E}.Release|x86.Build.0 = Release|Any CPU
		{A589C03C-ED37-40ED-A79F-FC331FE5A028}.Debug|Any CPU.ActiveCfg = Debug|Any CPU
		{A589C03C-ED37-40ED-A79F-FC331FE5A028}.Debug|Any CPU.Build.0 = Debug|Any CPU
		{A589C03C-ED37-40ED-A79F-FC331FE5A028}.Debug|x64.ActiveCfg = Debug|Any CPU
		{A589C03C-ED37-40ED-A79F-FC331FE5A028}.Debug|x64.Build.0 = Debug|Any CPU
		{A589C03C-ED37-40ED-A79F-FC331FE5A028}.Debug|x86.ActiveCfg = Debug|Any CPU
		{A589C03C-ED37-40ED-A79F-FC331FE5A028}.Debug|x86.Build.0 = Debug|Any CPU
		{A589C03C-ED37-40ED-A79F-FC331FE5A028}.Release|Any CPU.ActiveCfg = Release|Any CPU
		{A589C03C-ED37-40ED-A79F-FC331FE5A028}.Release|Any CPU.Build.0 = Release|Any CPU
		{A589C03C-ED37-40ED-A79F-FC331FE5A028}.Release|x64.ActiveCfg = Release|Any CPU
		{A589C03C-ED37-40ED-A79F-FC331FE5A028}.Release|x64.Build.0 = Release|Any CPU
		{A589C03C-ED37-40ED-A79F-FC331FE5A028}.Release|x86.ActiveCfg = Release|Any CPU
		{A589C03C-ED37-40ED-A79F-FC331FE5A028}.Release|x86.Build.0 = Release|Any CPU
		{0BA999BE-1082-48D5-81D2-967992D528F9}.Debug|Any CPU.ActiveCfg = Debug|Any CPU
		{0BA999BE-1082-48D5-81D2-967992D528F9}.Debug|Any CPU.Build.0 = Debug|Any CPU
		{0BA999BE-1082-48D5-81D2-967992D528F9}.Debug|x64.ActiveCfg = Debug|Any CPU
		{0BA999BE-1082-48D5-81D2-967992D528F9}.Debug|x64.Build.0 = Debug|Any CPU
		{0BA999BE-1082-48D5-81D2-967992D528F9}.Debug|x86.ActiveCfg = Debug|Any CPU
		{0BA999BE-1082-48D5-81D2-967992D528F9}.Debug|x86.Build.0 = Debug|Any CPU
		{0BA999BE-1082-48D5-81D2-967992D528F9}.Release|Any CPU.ActiveCfg = Release|Any CPU
		{0BA999BE-1082-48D5-81D2-967992D528F9}.Release|Any CPU.Build.0 = Release|Any CPU
		{0BA999BE-1082-48D5-81D2-967992D528F9}.Release|x64.ActiveCfg = Release|Any CPU
		{0BA999BE-1082-48D5-81D2-967992D528F9}.Release|x64.Build.0 = Release|Any CPU
		{0BA999BE-1082-48D5-81D2-967992D528F9}.Release|x86.ActiveCfg = Release|Any CPU
		{0BA999BE-1082-48D5-81D2-967992D528F9}.Release|x86.Build.0 = Release|Any CPU
		{DC50E128-3C75-4D18-8A00-5864CED76D07}.Debug|Any CPU.ActiveCfg = Debug|Any CPU
		{DC50E128-3C75-4D18-8A00-5864CED76D07}.Debug|Any CPU.Build.0 = Debug|Any CPU
		{DC50E128-3C75-4D18-8A00-5864CED76D07}.Debug|x64.ActiveCfg = Debug|Any CPU
		{DC50E128-3C75-4D18-8A00-5864CED76D07}.Debug|x64.Build.0 = Debug|Any CPU
		{DC50E128-3C75-4D18-8A00-5864CED76D07}.Debug|x86.ActiveCfg = Debug|Any CPU
		{DC50E128-3C75-4D18-8A00-5864CED76D07}.Debug|x86.Build.0 = Debug|Any CPU
		{DC50E128-3C75-4D18-8A00-5864CED76D07}.Release|Any CPU.ActiveCfg = Release|Any CPU
		{DC50E128-3C75-4D18-8A00-5864CED76D07}.Release|Any CPU.Build.0 = Release|Any CPU
		{DC50E128-3C75-4D18-8A00-5864CED76D07}.Release|x64.ActiveCfg = Release|Any CPU
		{DC50E128-3C75-4D18-8A00-5864CED76D07}.Release|x64.Build.0 = Release|Any CPU
		{DC50E128-3C75-4D18-8A00-5864CED76D07}.Release|x86.ActiveCfg = Release|Any CPU
		{DC50E128-3C75-4D18-8A00-5864CED76D07}.Release|x86.Build.0 = Release|Any CPU
		{AC910919-7D49-40AD-A03D-602BAADC03F4}.Debug|Any CPU.ActiveCfg = Debug|Any CPU
		{AC910919-7D49-40AD-A03D-602BAADC03F4}.Debug|Any CPU.Build.0 = Debug|Any CPU
		{AC910919-7D49-40AD-A03D-602BAADC03F4}.Debug|x64.ActiveCfg = Debug|Any CPU
		{AC910919-7D49-40AD-A03D-602BAADC03F4}.Debug|x64.Build.0 = Debug|Any CPU
		{AC910919-7D49-40AD-A03D-602BAADC03F4}.Debug|x86.ActiveCfg = Debug|Any CPU
		{AC910919-7D49-40AD-A03D-602BAADC03F4}.Debug|x86.Build.0 = Debug|Any CPU
		{AC910919-7D49-40AD-A03D-602BAADC03F4}.Release|Any CPU.ActiveCfg = Release|Any CPU
		{AC910919-7D49-40AD-A03D-602BAADC03F4}.Release|Any CPU.Build.0 = Release|Any CPU
		{AC910919-7D49-40AD-A03D-602BAADC03F4}.Release|x64.ActiveCfg = Release|Any CPU
		{AC910919-7D49-40AD-A03D-602BAADC03F4}.Release|x64.Build.0 = Release|Any CPU
		{AC910919-7D49-40AD-A03D-602BAADC03F4}.Release|x86.ActiveCfg = Release|Any CPU
		{AC910919-7D49-40AD-A03D-602BAADC03F4}.Release|x86.Build.0 = Release|Any CPU
		{9B32B833-5FA7-4BF7-9278-3BFA19C36D1E}.Debug|Any CPU.ActiveCfg = Debug|Any CPU
		{9B32B833-5FA7-4BF7-9278-3BFA19C36D1E}.Debug|Any CPU.Build.0 = Debug|Any CPU
		{9B32B833-5FA7-4BF7-9278-3BFA19C36D1E}.Debug|x64.ActiveCfg = Debug|Any CPU
		{9B32B833-5FA7-4BF7-9278-3BFA19C36D1E}.Debug|x64.Build.0 = Debug|Any CPU
		{9B32B833-5FA7-4BF7-9278-3BFA19C36D1E}.Debug|x86.ActiveCfg = Debug|Any CPU
		{9B32B833-5FA7-4BF7-9278-3BFA19C36D1E}.Debug|x86.Build.0 = Debug|Any CPU
		{9B32B833-5FA7-4BF7-9278-3BFA19C36D1E}.Release|Any CPU.ActiveCfg = Release|Any CPU
		{9B32B833-5FA7-4BF7-9278-3BFA19C36D1E}.Release|Any CPU.Build.0 = Release|Any CPU
		{9B32B833-5FA7-4BF7-9278-3BFA19C36D1E}.Release|x64.ActiveCfg = Release|Any CPU
		{9B32B833-5FA7-4BF7-9278-3BFA19C36D1E}.Release|x64.Build.0 = Release|Any CPU
		{9B32B833-5FA7-4BF7-9278-3BFA19C36D1E}.Release|x86.ActiveCfg = Release|Any CPU
		{9B32B833-5FA7-4BF7-9278-3BFA19C36D1E}.Release|x86.Build.0 = Release|Any CPU
		{197FD074-0760-4699-9D68-45125C2D90DB}.Debug|Any CPU.ActiveCfg = Debug|Any CPU
		{197FD074-0760-4699-9D68-45125C2D90DB}.Debug|Any CPU.Build.0 = Debug|Any CPU
		{197FD074-0760-4699-9D68-45125C2D90DB}.Debug|x64.ActiveCfg = Debug|Any CPU
		{197FD074-0760-4699-9D68-45125C2D90DB}.Debug|x64.Build.0 = Debug|Any CPU
		{197FD074-0760-4699-9D68-45125C2D90DB}.Debug|x86.ActiveCfg = Debug|Any CPU
		{197FD074-0760-4699-9D68-45125C2D90DB}.Debug|x86.Build.0 = Debug|Any CPU
		{197FD074-0760-4699-9D68-45125C2D90DB}.Release|Any CPU.ActiveCfg = Release|Any CPU
		{197FD074-0760-4699-9D68-45125C2D90DB}.Release|Any CPU.Build.0 = Release|Any CPU
		{197FD074-0760-4699-9D68-45125C2D90DB}.Release|x64.ActiveCfg = Release|Any CPU
		{197FD074-0760-4699-9D68-45125C2D90DB}.Release|x64.Build.0 = Release|Any CPU
		{197FD074-0760-4699-9D68-45125C2D90DB}.Release|x86.ActiveCfg = Release|Any CPU
		{197FD074-0760-4699-9D68-45125C2D90DB}.Release|x86.Build.0 = Release|Any CPU
	EndGlobalSection
	GlobalSection(SolutionProperties) = preSolution
		HideSolutionNode = FALSE
	EndGlobalSection
	GlobalSection(NestedProjects) = preSolution
		{C8E42992-5E42-0C2B-DBFE-AA848D06431C} = {827E0CD3-B72D-47B6-A68D-7590B98EB39B}
		{9056469C-FDD2-4FC6-8C51-6523D374BD0B} = {C8E42992-5E42-0C2B-DBFE-AA848D06431C}
		{4DCB637E-FB8C-4AE4-BA33-6B04AED0DF01} = {C8E42992-5E42-0C2B-DBFE-AA848D06431C}
		{BAA79BD8-D7EE-43BA-B31B-20DF2BCFAE1B} = {C8E42992-5E42-0C2B-DBFE-AA848D06431C}
		{984BB9B3-3FA3-BE33-9484-CAC21695A33C} = {827E0CD3-B72D-47B6-A68D-7590B98EB39B}
		{ADC0D331-7E8A-4F6D-AD0D-6F109EA0872E} = {984BB9B3-3FA3-BE33-9484-CAC21695A33C}
		{A589C03C-ED37-40ED-A79F-FC331FE5A028} = {984BB9B3-3FA3-BE33-9484-CAC21695A33C}
		{9D556B49-86D1-93A7-9596-FFAAB74EC556} = {0AB3BF05-4346-4AA6-1389-037BE0695223}
		{0BA999BE-1082-48D5-81D2-967992D528F9} = {9D556B49-86D1-93A7-9596-FFAAB74EC556}
		{DC50E128-3C75-4D18-8A00-5864CED76D07} = {984BB9B3-3FA3-BE33-9484-CAC21695A33C}
		{AC910919-7D49-40AD-A03D-602BAADC03F4} = {9D556B49-86D1-93A7-9596-FFAAB74EC556}
		{9B32B833-5FA7-4BF7-9278-3BFA19C36D1E} = {9D556B49-86D1-93A7-9596-FFAAB74EC556}
		{197FD074-0760-4699-9D68-45125C2D90DB} = {9D556B49-86D1-93A7-9596-FFAAB74EC556}
	EndGlobalSection
EndGlobal
