
Microsoft Visual Studio Solution File, Format Version 12.00
# Visual Studio Version 17
VisualStudioVersion = 17.0.31903.59
MinimumVisualStudioVersion = 10.0.40219.1
Project("{2150E333-8FDC-42A3-9474-1A3956D46DE8}") = "src", "src", "{827E0CD3-B72D-47B6-A68D-7590B98EB39B}"
EndProject
Project("{2150E333-8FDC-42A3-9474-1A3956D46DE8}") = "services", "services", "{984BB9B3-3FA3-BE33-9484-CAC21695A33C}"
EndProject
Project("{FAE04EC0-301F-11D3-BF4B-00C04F79EFBC}") = "AuthService", "src\services\AuthService\AuthService.csproj", "{63970BB3-C1D4-4D2D-8CF8-38F40860A99A}"
EndProject
Project("{FAE04EC0-301F-11D3-BF4B-00C04F79EFBC}") = "UserService", "src\services\UserService\UserService.csproj", "{7D09FDB9-2899-4CCC-92AE-883A65D10B92}"
EndProject
Project("{FAE04EC0-301F-11D3-BF4B-00C04F79EFBC}") = "ApiGateway", "src\services\ApiGateway\ApiGateway.csproj", "{5D569DE4-F125-4CD0-977D-65509B491F51}"
EndProject
Project("{2150E333-8FDC-42A3-9474-1A3956D46DE8}") = "shared", "shared", "{C8E42992-5E42-0C2B-DBFE-AA848D06431C}"
EndProject
Project("{FAE04EC0-301F-11D3-BF4B-00C04F79EFBC}") = "DTOs", "src\shared\DTOs\DTOs.csproj", "{3543D34A-4EDE-4F27-A288-21250F7706E8}"
EndProject
Project("{FAE04EC0-301F-11D3-BF4B-00C04F79EFBC}") = "Common", "src\shared\Common\Common.csproj", "{ECB43176-C683-461B-BCDB-3804068CBA9E}"
EndProject
Project("{FAE04EC0-301F-11D3-BF4B-00C04F79EFBC}") = "Contracts", "src\shared\Contracts\Contracts.csproj", "{238BA91E-F283-4F6F-A13F-442830654DE7}"
EndProject
Global
	GlobalSection(SolutionConfigurationPlatforms) = preSolution
		Debug|Any CPU = Debug|Any CPU
		Debug|x64 = Debug|x64
		Debug|x86 = Debug|x86
		Release|Any CPU = Release|Any CPU
		Release|x64 = Release|x64
		Release|x86 = Release|x86
	EndGlobalSection
	GlobalSection(ProjectConfigurationPlatforms) = postSolution
		{63970BB3-C1D4-4D2D-8CF8-38F40860A99A}.Debug|Any CPU.ActiveCfg = Debug|Any CPU
		{63970BB3-C1D4-4D2D-8CF8-38F40860A99A}.Debug|Any CPU.Build.0 = Debug|Any CPU
		{63970BB3-C1D4-4D2D-8CF8-38F40860A99A}.Debug|x64.ActiveCfg = Debug|Any CPU
		{63970BB3-C1D4-4D2D-8CF8-38F40860A99A}.Debug|x64.Build.0 = Debug|Any CPU
		{63970BB3-C1D4-4D2D-8CF8-38F40860A99A}.Debug|x86.ActiveCfg = Debug|Any CPU
		{63970BB3-C1D4-4D2D-8CF8-38F40860A99A}.Debug|x86.Build.0 = Debug|Any CPU
		{63970BB3-C1D4-4D2D-8CF8-38F40860A99A}.Release|Any CPU.ActiveCfg = Release|Any CPU
		{63970BB3-C1D4-4D2D-8CF8-38F40860A99A}.Release|Any CPU.Build.0 = Release|Any CPU
		{63970BB3-C1D4-4D2D-8CF8-38F40860A99A}.Release|x64.ActiveCfg = Release|Any CPU
		{63970BB3-C1D4-4D2D-8CF8-38F40860A99A}.Release|x64.Build.0 = Release|Any CPU
		{63970BB3-C1D4-4D2D-8CF8-38F40860A99A}.Release|x86.ActiveCfg = Release|Any CPU
		{63970BB3-C1D4-4D2D-8CF8-38F40860A99A}.Release|x86.Build.0 = Release|Any CPU
		{7D09FDB9-2899-4CCC-92AE-883A65D10B92}.Debug|Any CPU.ActiveCfg = Debug|Any CPU
		{7D09FDB9-2899-4CCC-92AE-883A65D10B92}.Debug|Any CPU.Build.0 = Debug|Any CPU
		{7D09FDB9-2899-4CCC-92AE-883A65D10B92}.Debug|x64.ActiveCfg = Debug|Any CPU
		{7D09FDB9-2899-4CCC-92AE-883A65D10B92}.Debug|x64.Build.0 = Debug|Any CPU
		{7D09FDB9-2899-4CCC-92AE-883A65D10B92}.Debug|x86.ActiveCfg = Debug|Any CPU
		{7D09FDB9-2899-4CCC-92AE-883A65D10B92}.Debug|x86.Build.0 = Debug|Any CPU
		{7D09FDB9-2899-4CCC-92AE-883A65D10B92}.Release|Any CPU.ActiveCfg = Release|Any CPU
		{7D09FDB9-2899-4CCC-92AE-883A65D10B92}.Release|Any CPU.Build.0 = Release|Any CPU
		{7D09FDB9-2899-4CCC-92AE-883A65D10B92}.Release|x64.ActiveCfg = Release|Any CPU
		{7D09FDB9-2899-4CCC-92AE-883A65D10B92}.Release|x64.Build.0 = Release|Any CPU
		{7D09FDB9-2899-4CCC-92AE-883A65D10B92}.Release|x86.ActiveCfg = Release|Any CPU
		{7D09FDB9-2899-4CCC-92AE-883A65D10B92}.Release|x86.Build.0 = Release|Any CPU
		{5D569DE4-F125-4CD0-977D-65509B491F51}.Debug|Any CPU.ActiveCfg = Debug|Any CPU
		{5D569DE4-F125-4CD0-977D-65509B491F51}.Debug|Any CPU.Build.0 = Debug|Any CPU
		{5D569DE4-F125-4CD0-977D-65509B491F51}.Debug|x64.ActiveCfg = Debug|Any CPU
		{5D569DE4-F125-4CD0-977D-65509B491F51}.Debug|x64.Build.0 = Debug|Any CPU
		{5D569DE4-F125-4CD0-977D-65509B491F51}.Debug|x86.ActiveCfg = Debug|Any CPU
		{5D569DE4-F125-4CD0-977D-65509B491F51}.Debug|x86.Build.0 = Debug|Any CPU
		{5D569DE4-F125-4CD0-977D-65509B491F51}.Release|Any CPU.ActiveCfg = Release|Any CPU
		{5D569DE4-F125-4CD0-977D-65509B491F51}.Release|Any CPU.Build.0 = Release|Any CPU
		{5D569DE4-F125-4CD0-977D-65509B491F51}.Release|x64.ActiveCfg = Release|Any CPU
		{5D569DE4-F125-4CD0-977D-65509B491F51}.Release|x64.Build.0 = Release|Any CPU
		{5D569DE4-F125-4CD0-977D-65509B491F51}.Release|x86.ActiveCfg = Release|Any CPU
		{5D569DE4-F125-4CD0-977D-65509B491F51}.Release|x86.Build.0 = Release|Any CPU
		{3543D34A-4EDE-4F27-A288-21250F7706E8}.Debug|Any CPU.ActiveCfg = Debug|Any CPU
		{3543D34A-4EDE-4F27-A288-21250F7706E8}.Debug|Any CPU.Build.0 = Debug|Any CPU
		{3543D34A-4EDE-4F27-A288-21250F7706E8}.Debug|x64.ActiveCfg = Debug|Any CPU
		{3543D34A-4EDE-4F27-A288-21250F7706E8}.Debug|x64.Build.0 = Debug|Any CPU
		{3543D34A-4EDE-4F27-A288-21250F7706E8}.Debug|x86.ActiveCfg = Debug|Any CPU
		{3543D34A-4EDE-4F27-A288-21250F7706E8}.Debug|x86.Build.0 = Debug|Any CPU
		{3543D34A-4EDE-4F27-A288-21250F7706E8}.Release|Any CPU.ActiveCfg = Release|Any CPU
		{3543D34A-4EDE-4F27-A288-21250F7706E8}.Release|Any CPU.Build.0 = Release|Any CPU
		{3543D34A-4EDE-4F27-A288-21250F7706E8}.Release|x64.ActiveCfg = Release|Any CPU
		{3543D34A-4EDE-4F27-A288-21250F7706E8}.Release|x64.Build.0 = Release|Any CPU
		{3543D34A-4EDE-4F27-A288-21250F7706E8}.Release|x86.ActiveCfg = Release|Any CPU
		{3543D34A-4EDE-4F27-A288-21250F7706E8}.Release|x86.Build.0 = Release|Any CPU
		{ECB43176-C683-461B-BCDB-3804068CBA9E}.Debug|Any CPU.ActiveCfg = Debug|Any CPU
		{ECB43176-C683-461B-BCDB-3804068CBA9E}.Debug|Any CPU.Build.0 = Debug|Any CPU
		{ECB43176-C683-461B-BCDB-3804068CBA9E}.Debug|x64.ActiveCfg = Debug|Any CPU
		{ECB43176-C683-461B-BCDB-3804068CBA9E}.Debug|x64.Build.0 = Debug|Any CPU
		{ECB43176-C683-461B-BCDB-3804068CBA9E}.Debug|x86.ActiveCfg = Debug|Any CPU
		{ECB43176-C683-461B-BCDB-3804068CBA9E}.Debug|x86.Build.0 = Debug|Any CPU
		{ECB43176-C683-461B-BCDB-3804068CBA9E}.Release|Any CPU.ActiveCfg = Release|Any CPU
		{ECB43176-C683-461B-BCDB-3804068CBA9E}.Release|Any CPU.Build.0 = Release|Any CPU
		{ECB43176-C683-461B-BCDB-3804068CBA9E}.Release|x64.ActiveCfg = Release|Any CPU
		{ECB43176-C683-461B-BCDB-3804068CBA9E}.Release|x64.Build.0 = Release|Any CPU
		{ECB43176-C683-461B-BCDB-3804068CBA9E}.Release|x86.ActiveCfg = Release|Any CPU
		{ECB43176-C683-461B-BCDB-3804068CBA9E}.Release|x86.Build.0 = Release|Any CPU
		{238BA91E-F283-4F6F-A13F-442830654DE7}.Debug|Any CPU.ActiveCfg = Debug|Any CPU
		{238BA91E-F283-4F6F-A13F-442830654DE7}.Debug|Any CPU.Build.0 = Debug|Any CPU
		{238BA91E-F283-4F6F-A13F-442830654DE7}.Debug|x64.ActiveCfg = Debug|Any CPU
		{238BA91E-F283-4F6F-A13F-442830654DE7}.Debug|x64.Build.0 = Debug|Any CPU
		{238BA91E-F283-4F6F-A13F-442830654DE7}.Debug|x86.ActiveCfg = Debug|Any CPU
		{238BA91E-F283-4F6F-A13F-442830654DE7}.Debug|x86.Build.0 = Debug|Any CPU
		{238BA91E-F283-4F6F-A13F-442830654DE7}.Release|Any CPU.ActiveCfg = Release|Any CPU
		{238BA91E-F283-4F6F-A13F-442830654DE7}.Release|Any CPU.Build.0 = Release|Any CPU
		{238BA91E-F283-4F6F-A13F-442830654DE7}.Release|x64.ActiveCfg = Release|Any CPU
		{238BA91E-F283-4F6F-A13F-442830654DE7}.Release|x64.Build.0 = Release|Any CPU
		{238BA91E-F283-4F6F-A13F-442830654DE7}.Release|x86.ActiveCfg = Release|Any CPU
		{238BA91E-F283-4F6F-A13F-442830654DE7}.Release|x86.Build.0 = Release|Any CPU
	EndGlobalSection
	GlobalSection(SolutionProperties) = preSolution
		HideSolutionNode = FALSE
	EndGlobalSection
	GlobalSection(NestedProjects) = preSolution
		{984BB9B3-3FA3-BE33-9484-CAC21695A33C} = {827E0CD3-B72D-47B6-A68D-7590B98EB39B}
		{63970BB3-C1D4-4D2D-8CF8-38F40860A99A} = {984BB9B3-3FA3-BE33-9484-CAC21695A33C}
		{7D09FDB9-2899-4CCC-92AE-883A65D10B92} = {984BB9B3-3FA3-BE33-9484-CAC21695A33C}
		{5D569DE4-F125-4CD0-977D-65509B491F51} = {984BB9B3-3FA3-BE33-9484-CAC21695A33C}
		{C8E42992-5E42-0C2B-DBFE-AA848D06431C} = {827E0CD3-B72D-47B6-A68D-7590B98EB39B}
		{3543D34A-4EDE-4F27-A288-21250F7706E8} = {C8E42992-5E42-0C2B-DBFE-AA848D06431C}
		{ECB43176-C683-461B-BCDB-3804068CBA9E} = {C8E42992-5E42-0C2B-DBFE-AA848D06431C}
		{238BA91E-F283-4F6F-A13F-442830654DE7} = {C8E42992-5E42-0C2B-DBFE-AA848D06431C}
	EndGlobalSection
EndGlobal
